
Microsoft Visual Studio Solution File, Format Version 12.00
# Visual Studio 15
VisualStudioVersion = 15.0.27703.2047
MinimumVisualStudioVersion = 10.0.40219.1
Project("{FAE04EC0-301F-11D3-BF4B-00C04F79EFBC}") = "signalr-core-sample-hub", "signalr-core-sample-hub\signalr-core-sample-hub.csproj", "{381CE7F0-9791-406F-93EA-AA20C414ABDC}"
EndProject
Global
	GlobalSection(SolutionConfigurationPlatforms) = preSolution
		Debug|Any CPU = Debug|Any CPU
		Release|Any CPU = Release|Any CPU
	EndGlobalSection
	GlobalSection(ProjectConfigurationPlatforms) = postSolution
		{381CE7F0-9791-406F-93EA-AA20C414ABDC}.Debug|Any CPU.ActiveCfg = Debug|Any CPU
		{381CE7F0-9791-406F-93EA-AA20C414ABDC}.Debug|Any CPU.Build.0 = Debug|Any CPU
		{381CE7F0-9791-406F-93EA-AA20C414ABDC}.Release|Any CPU.ActiveCfg = Release|Any CPU
		{381CE7F0-9791-406F-93EA-AA20C414ABDC}.Release|Any CPU.Build.0 = Release|Any CPU
	EndGlobalSection
	GlobalSection(SolutionProperties) = preSolution
		HideSolutionNode = FALSE
	EndGlobalSection
	GlobalSection(ExtensibilityGlobals) = postSolution
		SolutionGuid = {437149AD-45F1-4A22-B160-B77C50B4201E}
	EndGlobalSection
EndGlobal
